
Microsoft Visual Studio Solution File, Format Version 12.00
# Visual Studio Version 16
VisualStudioVersion = 16.0.31105.61
MinimumVisualStudioVersion = 10.0.40219.1
Project("{FAE04EC0-301F-11D3-BF4B-00C04F79EFBC}") = "ShapesAndStuff", "ShapesAndStuff\ShapesAndStuff.csproj", "{36BD399F-4A5A-4156-A6C9-26D096E50175}"
EndProject
Global
	GlobalSection(SolutionConfigurationPlatforms) = preSolution
		Debug|Any CPU = Debug|Any CPU
		Release|Any CPU = Release|Any CPU
	EndGlobalSection
	GlobalSection(ProjectConfigurationPlatforms) = postSolution
		{36BD399F-4A5A-4156-A6C9-26D096E50175}.Debug|Any CPU.ActiveCfg = Debug|Any CPU
		{36BD399F-4A5A-4156-A6C9-26D096E50175}.Debug|Any CPU.Build.0 = Debug|Any CPU
		{36BD399F-4A5A-4156-A6C9-26D096E50175}.Release|Any CPU.ActiveCfg = Release|Any CPU
		{36BD399F-4A5A-4156-A6C9-26D096E50175}.Release|Any CPU.Build.0 = Release|Any CPU
	EndGlobalSection
	GlobalSection(SolutionProperties) = preSolution
		HideSolutionNode = FALSE
	EndGlobalSection
	GlobalSection(ExtensibilityGlobals) = postSolution
		SolutionGuid = {9040CB9D-00B0-4E53-88E2-EEB148B5D4B1}
	EndGlobalSection
EndGlobal
